
Microsoft Visual Studio Solution File, Format Version 12.00
# Visual Studio Version 16
VisualStudioVersion = 16.0.31624.102
MinimumVisualStudioVersion = 10.0.40219.1
Project("{9A19103F-16F7-4668-BE54-9A1E7A4F7556}") = "Ecomindo-D1", "Ecomindo-D1\Ecomindo-D1.csproj", "{653CC8B2-7297-417E-BD1F-6D0776FBEF7A}"
EndProject
Project("{FAE04EC0-301F-11D3-BF4B-00C04F79EFBC}") = "Ecomindo-D1.bll", "Ecomindo-D1.bll\Ecomindo-D1.bll.csproj", "{191EA519-911A-4217-B744-F6316F87CC39}"
EndProject
Global
	GlobalSection(SolutionConfigurationPlatforms) = preSolution
		Debug|Any CPU = Debug|Any CPU
		Release|Any CPU = Release|Any CPU
	EndGlobalSection
	GlobalSection(ProjectConfigurationPlatforms) = postSolution
		{653CC8B2-7297-417E-BD1F-6D0776FBEF7A}.Debug|Any CPU.ActiveCfg = Debug|Any CPU
		{653CC8B2-7297-417E-BD1F-6D0776FBEF7A}.Debug|Any CPU.Build.0 = Debug|Any CPU
		{653CC8B2-7297-417E-BD1F-6D0776FBEF7A}.Release|Any CPU.ActiveCfg = Release|Any CPU
		{653CC8B2-7297-417E-BD1F-6D0776FBEF7A}.Release|Any CPU.Build.0 = Release|Any CPU
		{191EA519-911A-4217-B744-F6316F87CC39}.Debug|Any CPU.ActiveCfg = Debug|Any CPU
		{191EA519-911A-4217-B744-F6316F87CC39}.Debug|Any CPU.Build.0 = Debug|Any CPU
		{191EA519-911A-4217-B744-F6316F87CC39}.Release|Any CPU.ActiveCfg = Release|Any CPU
		{191EA519-911A-4217-B744-F6316F87CC39}.Release|Any CPU.Build.0 = Release|Any CPU
	EndGlobalSection
	GlobalSection(SolutionProperties) = preSolution
		HideSolutionNode = FALSE
	EndGlobalSection
	GlobalSection(ExtensibilityGlobals) = postSolution
		SolutionGuid = {C7EF0018-D737-4096-BA28-8660AB4ADD99}
	EndGlobalSection
EndGlobal
